
Microsoft Visual Studio Solution File, Format Version 12.00
# Visual Studio Version 17
VisualStudioVersion = 17.7.34024.191
MinimumVisualStudioVersion = 10.0.40219.1
Project("{9A19103F-16F7-4668-BE54-9A1E7A4F7556}") = "KnightMove", "KnightMove.csproj", "{FCA9758A-28C5-44CD-988E-D3257EA7AFD4}"
EndProject
Global
	GlobalSection(SolutionConfigurationPlatforms) = preSolution
		Debug|Any CPU = Debug|Any CPU
		Release|Any CPU = Release|Any CPU
	EndGlobalSection
	GlobalSection(ProjectConfigurationPlatforms) = postSolution
		{FCA9758A-28C5-44CD-988E-D3257EA7AFD4}.Debug|Any CPU.ActiveCfg = Debug|Any CPU
		{FCA9758A-28C5-44CD-988E-D3257EA7AFD4}.Debug|Any CPU.Build.0 = Debug|Any CPU
		{FCA9758A-28C5-44CD-988E-D3257EA7AFD4}.Release|Any CPU.ActiveCfg = Release|Any CPU
		{FCA9758A-28C5-44CD-988E-D3257EA7AFD4}.Release|Any CPU.Build.0 = Release|Any CPU
	EndGlobalSection
	GlobalSection(SolutionProperties) = preSolution
		HideSolutionNode = FALSE
	EndGlobalSection
	GlobalSection(ExtensibilityGlobals) = postSolution
		SolutionGuid = {697009E8-8349-429B-8626-7AF8B516BD1E}
	EndGlobalSection
EndGlobal
